
Microsoft Visual Studio Solution File, Format Version 12.00
# Visual Studio 15
VisualStudioVersion = 15.0.28307.645
MinimumVisualStudioVersion = 10.0.40219.1
Project("{9A19103F-16F7-4668-BE54-9A1E7A4F7556}") = "HEAL.Bricks", "HEAL.Bricks\HEAL.Bricks.csproj", "{2E6AD3C3-F423-44DC-B66E-F7A4B3928464}"
EndProject
Project("{9A19103F-16F7-4668-BE54-9A1E7A4F7556}") = "HEAL.Bricks.Tests", "HEAL.Bricks.Tests\HEAL.Bricks.Tests.csproj", "{15E3A1CF-5E5D-478A-93B7-83DE8647EB68}"
EndProject
Project("{FAE04EC0-301F-11D3-BF4B-00C04F79EFBC}") = "TestPluginA", "TestPluginA\TestPluginA.csproj", "{9E544B16-1ADF-4F7F-BDED-FC6EB53F640D}"
EndProject
Project("{FAE04EC0-301F-11D3-BF4B-00C04F79EFBC}") = "TestPluginB", "TestPluginB\TestPluginB.csproj", "{3F62A08E-2391-405C-8ED6-F5AF40613077}"
EndProject
Global
	GlobalSection(SolutionConfigurationPlatforms) = preSolution
		Debug|Any CPU = Debug|Any CPU
		Release|Any CPU = Release|Any CPU
	EndGlobalSection
	GlobalSection(ProjectConfigurationPlatforms) = postSolution
		{2E6AD3C3-F423-44DC-B66E-F7A4B3928464}.Debug|Any CPU.ActiveCfg = Debug|Any CPU
		{2E6AD3C3-F423-44DC-B66E-F7A4B3928464}.Debug|Any CPU.Build.0 = Debug|Any CPU
		{2E6AD3C3-F423-44DC-B66E-F7A4B3928464}.Release|Any CPU.ActiveCfg = Release|Any CPU
		{2E6AD3C3-F423-44DC-B66E-F7A4B3928464}.Release|Any CPU.Build.0 = Release|Any CPU
		{15E3A1CF-5E5D-478A-93B7-83DE8647EB68}.Debug|Any CPU.ActiveCfg = Debug|Any CPU
		{15E3A1CF-5E5D-478A-93B7-83DE8647EB68}.Debug|Any CPU.Build.0 = Debug|Any CPU
		{15E3A1CF-5E5D-478A-93B7-83DE8647EB68}.Release|Any CPU.ActiveCfg = Release|Any CPU
		{15E3A1CF-5E5D-478A-93B7-83DE8647EB68}.Release|Any CPU.Build.0 = Release|Any CPU
		{9E544B16-1ADF-4F7F-BDED-FC6EB53F640D}.Debug|Any CPU.ActiveCfg = Debug|Any CPU
		{9E544B16-1ADF-4F7F-BDED-FC6EB53F640D}.Debug|Any CPU.Build.0 = Debug|Any CPU
		{9E544B16-1ADF-4F7F-BDED-FC6EB53F640D}.Release|Any CPU.ActiveCfg = Release|Any CPU
		{9E544B16-1ADF-4F7F-BDED-FC6EB53F640D}.Release|Any CPU.Build.0 = Release|Any CPU
		{3F62A08E-2391-405C-8ED6-F5AF40613077}.Debug|Any CPU.ActiveCfg = Debug|Any CPU
		{3F62A08E-2391-405C-8ED6-F5AF40613077}.Debug|Any CPU.Build.0 = Debug|Any CPU
		{3F62A08E-2391-405C-8ED6-F5AF40613077}.Release|Any CPU.ActiveCfg = Release|Any CPU
		{3F62A08E-2391-405C-8ED6-F5AF40613077}.Release|Any CPU.Build.0 = Release|Any CPU
	EndGlobalSection
	GlobalSection(SolutionProperties) = preSolution
		HideSolutionNode = FALSE
	EndGlobalSection
	GlobalSection(ExtensibilityGlobals) = postSolution
		SolutionGuid = {34DBEDCA-6F3C-42E6-A951-C2C60987CAC5}
	EndGlobalSection
EndGlobal
