
Microsoft Visual Studio Solution File, Format Version 12.00
# Visual Studio Version 16
VisualStudioVersion = 16.0.29613.14
MinimumVisualStudioVersion = 10.0.40219.1
Project("{9A19103F-16F7-4668-BE54-9A1E7A4F7556}") = "HEAL.Bricks", "HEAL.Bricks\HEAL.Bricks.csproj", "{2E6AD3C3-F423-44DC-B66E-F7A4B3928464}"
EndProject
Project("{9A19103F-16F7-4668-BE54-9A1E7A4F7556}") = "HEAL.Bricks.Tests", "HEAL.Bricks.Tests\HEAL.Bricks.Tests.csproj", "{385CD8E1-6492-44AC-B50D-3138B1AEE3D4}"
EndProject
Project("{2150E333-8FDC-42A3-9474-1A3956D46DE8}") = "Solution Items", "Solution Items", "{FB1E0559-E4F5-42D4-ADAB-60A97A27B336}"
	ProjectSection(SolutionItems) = preProject
		.runsettings = .runsettings
	EndProjectSection
EndProject
Project("{9A19103F-16F7-4668-BE54-9A1E7A4F7556}") = "HEAL.Bricks.Tests.PluginA", "HEAL.Bricks.Tests.PluginA\HEAL.Bricks.Tests.PluginA.csproj", "{F8A53BA8-02FB-4A64-91E6-C1090D2170CA}"
EndProject
Project("{9A19103F-16F7-4668-BE54-9A1E7A4F7556}") = "HEAL.Bricks.Tests.PluginB", "HEAL.Bricks.Tests.PluginB\HEAL.Bricks.Tests.PluginB.csproj", "{2A4973D6-23A9-4F1D-832A-451627029078}"
EndProject
Project("{9A19103F-16F7-4668-BE54-9A1E7A4F7556}") = "HEAL.Bricks.PluginTypes", "HEAL.Bricks.PluginTypes\HEAL.Bricks.PluginTypes.csproj", "{F1A2DB01-6800-4039-B62C-B39C120142BE}"
EndProject
Project("{9A19103F-16F7-4668-BE54-9A1E7A4F7556}") = "TestApp", "TestApp\TestApp.csproj", "{713D4349-57BB-4C35-9789-49E1DB213CB7}"
EndProject
Project("{FAE04EC0-301F-11D3-BF4B-00C04F79EFBC}") = "HEAL.Bricks.Tests.BricksRunner", "HEAL.Bricks.Tests.BricksRunner\HEAL.Bricks.Tests.BricksRunner.csproj", "{60E22FDB-48CF-4CBE-AC46-ADD3A58F10DE}"
EndProject
Global
	GlobalSection(SolutionConfigurationPlatforms) = preSolution
		Debug|Any CPU = Debug|Any CPU
		Release|Any CPU = Release|Any CPU
	EndGlobalSection
	GlobalSection(ProjectConfigurationPlatforms) = postSolution
		{2E6AD3C3-F423-44DC-B66E-F7A4B3928464}.Debug|Any CPU.ActiveCfg = Debug|Any CPU
		{2E6AD3C3-F423-44DC-B66E-F7A4B3928464}.Debug|Any CPU.Build.0 = Debug|Any CPU
		{2E6AD3C3-F423-44DC-B66E-F7A4B3928464}.Release|Any CPU.ActiveCfg = Release|Any CPU
		{2E6AD3C3-F423-44DC-B66E-F7A4B3928464}.Release|Any CPU.Build.0 = Release|Any CPU
		{385CD8E1-6492-44AC-B50D-3138B1AEE3D4}.Debug|Any CPU.ActiveCfg = Debug|Any CPU
		{385CD8E1-6492-44AC-B50D-3138B1AEE3D4}.Debug|Any CPU.Build.0 = Debug|Any CPU
		{385CD8E1-6492-44AC-B50D-3138B1AEE3D4}.Release|Any CPU.ActiveCfg = Release|Any CPU
		{385CD8E1-6492-44AC-B50D-3138B1AEE3D4}.Release|Any CPU.Build.0 = Release|Any CPU
		{F8A53BA8-02FB-4A64-91E6-C1090D2170CA}.Debug|Any CPU.ActiveCfg = Debug|Any CPU
		{F8A53BA8-02FB-4A64-91E6-C1090D2170CA}.Debug|Any CPU.Build.0 = Debug|Any CPU
		{F8A53BA8-02FB-4A64-91E6-C1090D2170CA}.Release|Any CPU.ActiveCfg = Release|Any CPU
		{F8A53BA8-02FB-4A64-91E6-C1090D2170CA}.Release|Any CPU.Build.0 = Release|Any CPU
		{2A4973D6-23A9-4F1D-832A-451627029078}.Debug|Any CPU.ActiveCfg = Debug|Any CPU
		{2A4973D6-23A9-4F1D-832A-451627029078}.Debug|Any CPU.Build.0 = Debug|Any CPU
		{2A4973D6-23A9-4F1D-832A-451627029078}.Release|Any CPU.ActiveCfg = Release|Any CPU
		{2A4973D6-23A9-4F1D-832A-451627029078}.Release|Any CPU.Build.0 = Release|Any CPU
		{F1A2DB01-6800-4039-B62C-B39C120142BE}.Debug|Any CPU.ActiveCfg = Debug|Any CPU
		{F1A2DB01-6800-4039-B62C-B39C120142BE}.Debug|Any CPU.Build.0 = Debug|Any CPU
		{F1A2DB01-6800-4039-B62C-B39C120142BE}.Release|Any CPU.ActiveCfg = Release|Any CPU
		{F1A2DB01-6800-4039-B62C-B39C120142BE}.Release|Any CPU.Build.0 = Release|Any CPU
		{713D4349-57BB-4C35-9789-49E1DB213CB7}.Debug|Any CPU.ActiveCfg = Debug|Any CPU
		{713D4349-57BB-4C35-9789-49E1DB213CB7}.Debug|Any CPU.Build.0 = Debug|Any CPU
		{713D4349-57BB-4C35-9789-49E1DB213CB7}.Release|Any CPU.ActiveCfg = Release|Any CPU
		{713D4349-57BB-4C35-9789-49E1DB213CB7}.Release|Any CPU.Build.0 = Release|Any CPU
		{60E22FDB-48CF-4CBE-AC46-ADD3A58F10DE}.Debug|Any CPU.ActiveCfg = Debug|Any CPU
		{60E22FDB-48CF-4CBE-AC46-ADD3A58F10DE}.Debug|Any CPU.Build.0 = Debug|Any CPU
		{60E22FDB-48CF-4CBE-AC46-ADD3A58F10DE}.Release|Any CPU.ActiveCfg = Release|Any CPU
		{60E22FDB-48CF-4CBE-AC46-ADD3A58F10DE}.Release|Any CPU.Build.0 = Release|Any CPU
	EndGlobalSection
	GlobalSection(SolutionProperties) = preSolution
		HideSolutionNode = FALSE
	EndGlobalSection
	GlobalSection(ExtensibilityGlobals) = postSolution
		SolutionGuid = {34DBEDCA-6F3C-42E6-A951-C2C60987CAC5}
	EndGlobalSection
EndGlobal
