
Microsoft Visual Studio Solution File, Format Version 12.00
# Visual Studio Version 17
VisualStudioVersion = 17.1.32421.90
MinimumVisualStudioVersion = 10.0.40219.1
Project("{9A19103F-16F7-4668-BE54-9A1E7A4F7556}") = "HEAL.Bricks", "HEAL.Bricks\HEAL.Bricks.csproj", "{2E6AD3C3-F423-44DC-B66E-F7A4B3928464}"
EndProject
Project("{2150E333-8FDC-42A3-9474-1A3956D46DE8}") = "Solution Items", "Solution Items", "{FB1E0559-E4F5-42D4-ADAB-60A97A27B336}"
	ProjectSection(SolutionItems) = preProject
		.editorconfig = .editorconfig
		..\.gitattributes = ..\.gitattributes
		..\.gitignore = ..\.gitignore
		..\.gitlab-ci.yml = ..\.gitlab-ci.yml
		version.json = version.json
	EndProjectSection
EndProject
Project("{9A19103F-16F7-4668-BE54-9A1E7A4F7556}") = "HEAL.Bricks.Tests.BricksRunner", "HEAL.Bricks.Tests.BricksRunner\HEAL.Bricks.Tests.BricksRunner.csproj", "{60E22FDB-48CF-4CBE-AC46-ADD3A58F10DE}"
EndProject
Project("{9A19103F-16F7-4668-BE54-9A1E7A4F7556}") = "WinFormsTestApp", "WinFormsTestApp\WinFormsTestApp.csproj", "{1BCA876D-7745-4A21-BC43-FFCD4DC2DA44}"
EndProject
Project("{9A19103F-16F7-4668-BE54-9A1E7A4F7556}") = "HEAL.Bricks.Tests", "HEAL.Bricks.Tests\HEAL.Bricks.Tests.csproj", "{78D276AD-9B37-4FA2-9062-A3020371996A}"
EndProject
Project("{9A19103F-16F7-4668-BE54-9A1E7A4F7556}") = "HEAL.Bricks.UI.WindowsForms", "HEAL.Bricks.UI.WindowsForms\HEAL.Bricks.UI.WindowsForms.csproj", "{0EAC53C1-C7FE-4C68-911A-AEB429646497}"
EndProject
Project("{9A19103F-16F7-4668-BE54-9A1E7A4F7556}") = "TestConsoleApp", "TestConsoleApp\TestConsoleApp.csproj", "{8D548C5C-8DF8-47C7-8BB1-AA93D1743F4B}"
EndProject
Project("{9A19103F-16F7-4668-BE54-9A1E7A4F7556}") = "HEAL.Bricks.Abstractions", "HEAL.Bricks.Abstractions\HEAL.Bricks.Abstractions.csproj", "{EE5C6684-7474-436D-BDFF-1F2D700E59C2}"
EndProject
Global
	GlobalSection(SolutionConfigurationPlatforms) = preSolution
		Debug|Any CPU = Debug|Any CPU
		Release|Any CPU = Release|Any CPU
	EndGlobalSection
	GlobalSection(ProjectConfigurationPlatforms) = postSolution
		{2E6AD3C3-F423-44DC-B66E-F7A4B3928464}.Debug|Any CPU.ActiveCfg = Debug|Any CPU
		{2E6AD3C3-F423-44DC-B66E-F7A4B3928464}.Debug|Any CPU.Build.0 = Debug|Any CPU
		{2E6AD3C3-F423-44DC-B66E-F7A4B3928464}.Release|Any CPU.ActiveCfg = Release|Any CPU
		{2E6AD3C3-F423-44DC-B66E-F7A4B3928464}.Release|Any CPU.Build.0 = Release|Any CPU
		{60E22FDB-48CF-4CBE-AC46-ADD3A58F10DE}.Debug|Any CPU.ActiveCfg = Debug|Any CPU
		{60E22FDB-48CF-4CBE-AC46-ADD3A58F10DE}.Debug|Any CPU.Build.0 = Debug|Any CPU
		{60E22FDB-48CF-4CBE-AC46-ADD3A58F10DE}.Release|Any CPU.ActiveCfg = Release|Any CPU
		{60E22FDB-48CF-4CBE-AC46-ADD3A58F10DE}.Release|Any CPU.Build.0 = Release|Any CPU
		{1BCA876D-7745-4A21-BC43-FFCD4DC2DA44}.Debug|Any CPU.ActiveCfg = Debug|Any CPU
		{1BCA876D-7745-4A21-BC43-FFCD4DC2DA44}.Debug|Any CPU.Build.0 = Debug|Any CPU
		{1BCA876D-7745-4A21-BC43-FFCD4DC2DA44}.Release|Any CPU.ActiveCfg = Release|Any CPU
		{1BCA876D-7745-4A21-BC43-FFCD4DC2DA44}.Release|Any CPU.Build.0 = Release|Any CPU
		{78D276AD-9B37-4FA2-9062-A3020371996A}.Debug|Any CPU.ActiveCfg = Debug|Any CPU
		{78D276AD-9B37-4FA2-9062-A3020371996A}.Debug|Any CPU.Build.0 = Debug|Any CPU
		{78D276AD-9B37-4FA2-9062-A3020371996A}.Release|Any CPU.ActiveCfg = Release|Any CPU
		{78D276AD-9B37-4FA2-9062-A3020371996A}.Release|Any CPU.Build.0 = Release|Any CPU
		{0EAC53C1-C7FE-4C68-911A-AEB429646497}.Debug|Any CPU.ActiveCfg = Debug|Any CPU
		{0EAC53C1-C7FE-4C68-911A-AEB429646497}.Debug|Any CPU.Build.0 = Debug|Any CPU
		{0EAC53C1-C7FE-4C68-911A-AEB429646497}.Release|Any CPU.ActiveCfg = Release|Any CPU
		{0EAC53C1-C7FE-4C68-911A-AEB429646497}.Release|Any CPU.Build.0 = Release|Any CPU
		{8D548C5C-8DF8-47C7-8BB1-AA93D1743F4B}.Debug|Any CPU.ActiveCfg = Debug|Any CPU
		{8D548C5C-8DF8-47C7-8BB1-AA93D1743F4B}.Debug|Any CPU.Build.0 = Debug|Any CPU
		{8D548C5C-8DF8-47C7-8BB1-AA93D1743F4B}.Release|Any CPU.ActiveCfg = Release|Any CPU
		{8D548C5C-8DF8-47C7-8BB1-AA93D1743F4B}.Release|Any CPU.Build.0 = Release|Any CPU
		{EE5C6684-7474-436D-BDFF-1F2D700E59C2}.Debug|Any CPU.ActiveCfg = Debug|Any CPU
		{EE5C6684-7474-436D-BDFF-1F2D700E59C2}.Debug|Any CPU.Build.0 = Debug|Any CPU
		{EE5C6684-7474-436D-BDFF-1F2D700E59C2}.Release|Any CPU.ActiveCfg = Release|Any CPU
		{EE5C6684-7474-436D-BDFF-1F2D700E59C2}.Release|Any CPU.Build.0 = Release|Any CPU
	EndGlobalSection
	GlobalSection(SolutionProperties) = preSolution
		HideSolutionNode = FALSE
	EndGlobalSection
	GlobalSection(ExtensibilityGlobals) = postSolution
		SolutionGuid = {34DBEDCA-6F3C-42E6-A951-C2C60987CAC5}
	EndGlobalSection
EndGlobal
